
Microsoft Visual Studio Solution File, Format Version 12.00
# Visual Studio Version 16
VisualStudioVersion = 16.0.32002.261
MinimumVisualStudioVersion = 10.0.40219.1
Project("{FAE04EC0-301F-11D3-BF4B-00C04F79EFBC}") = "VMS_MES_PROJECT_4", "VMS_MES_PROJECT_4\VMS_MES_PROJECT_4.csproj", "{FD19AF70-9955-4008-8BD6-0301A4204C69}"
EndProject
Project("{FAE04EC0-301F-11D3-BF4B-00C04F79EFBC}") = "MES_WEB_API", "MES_WEB_API\MES_WEB_API.csproj", "{98475A7A-21D2-411C-BE25-528A6B6498C1}"
EndProject
Project("{FAE04EC0-301F-11D3-BF4B-00C04F79EFBC}") = "MESDTO", "MESDTO\MESDTO.csproj", "{D3A732E6-3B11-4489-9D7B-EDB65B769BD8}"
EndProject
Global
	GlobalSection(SolutionConfigurationPlatforms) = preSolution
		Debug|Any CPU = Debug|Any CPU
		Release|Any CPU = Release|Any CPU
	EndGlobalSection
	GlobalSection(ProjectConfigurationPlatforms) = postSolution
		{FD19AF70-9955-4008-8BD6-0301A4204C69}.Debug|Any CPU.ActiveCfg = Debug|Any CPU
		{FD19AF70-9955-4008-8BD6-0301A4204C69}.Debug|Any CPU.Build.0 = Debug|Any CPU
		{FD19AF70-9955-4008-8BD6-0301A4204C69}.Release|Any CPU.ActiveCfg = Release|Any CPU
		{FD19AF70-9955-4008-8BD6-0301A4204C69}.Release|Any CPU.Build.0 = Release|Any CPU
		{98475A7A-21D2-411C-BE25-528A6B6498C1}.Debug|Any CPU.ActiveCfg = Debug|Any CPU
		{98475A7A-21D2-411C-BE25-528A6B6498C1}.Debug|Any CPU.Build.0 = Debug|Any CPU
		{98475A7A-21D2-411C-BE25-528A6B6498C1}.Release|Any CPU.ActiveCfg = Release|Any CPU
		{98475A7A-21D2-411C-BE25-528A6B6498C1}.Release|Any CPU.Build.0 = Release|Any CPU
		{D3A732E6-3B11-4489-9D7B-EDB65B769BD8}.Debug|Any CPU.ActiveCfg = Debug|Any CPU
		{D3A732E6-3B11-4489-9D7B-EDB65B769BD8}.Debug|Any CPU.Build.0 = Debug|Any CPU
		{D3A732E6-3B11-4489-9D7B-EDB65B769BD8}.Release|Any CPU.ActiveCfg = Release|Any CPU
		{D3A732E6-3B11-4489-9D7B-EDB65B769BD8}.Release|Any CPU.Build.0 = Release|Any CPU
	EndGlobalSection
	GlobalSection(SolutionProperties) = preSolution
		HideSolutionNode = FALSE
	EndGlobalSection
	GlobalSection(ExtensibilityGlobals) = postSolution
		SolutionGuid = {3E29B097-577D-4C7B-9046-40A7258E6275}
	EndGlobalSection
EndGlobal
